// !$*UTF8*$!
{
	archiveVersion = 1;
	classes = {
	};
	objectVersion = 46;
	objects = {

/* Begin PBXBuildFile section */
		DEBD16971D87653B00E5C4DD /* ImageCell.swift in Sources */ = {isa = PBXBuildFile; fileRef = DEBD16961D87653B00E5C4DD /* ImageCell.swift */; };
		DEE200FD1D828D2B00FDA521 /* AppDelegate.swift in Sources */ = {isa = PBXBuildFile; fileRef = DEE200FC1D828D2B00FDA521 /* AppDelegate.swift */; };
		DEE201021D828D2B00FDA521 /* Main.storyboard in Resources */ = {isa = PBXBuildFile; fileRef = DEE201001D828D2B00FDA521 /* Main.storyboard */; };
		DEE201041D828D2B00FDA521 /* Assets.xcassets in Resources */ = {isa = PBXBuildFile; fileRef = DEE201031D828D2B00FDA521 /* Assets.xcassets */; };
		DEE201071D828D2B00FDA521 /* LaunchScreen.storyboard in Resources */ = {isa = PBXBuildFile; fileRef = DEE201051D828D2B00FDA521 /* LaunchScreen.storyboard */; };
		DEE2010F1D828E1600FDA521 /* ImagesViewController.swift in Sources */ = {isa = PBXBuildFile; fileRef = DEE2010E1D828E1600FDA521 /* ImagesViewController.swift */; };
/* End PBXBuildFile section */

/* Begin PBXFileReference section */
		DEBD16961D87653B00E5C4DD /* ImageCell.swift */ = {isa = PBXFileReference; fileEncoding = 4; lastKnownFileType = sourcecode.swift; path = ImageCell.swift; sourceTree = "<group>"; };
		DEE200F91D828D2B00FDA521 /* SizeClassesLesson.app */ = {isa = PBXFileReference; explicitFileType = wrapper.application; includeInIndex = 0; path = SizeClassesLesson.app; sourceTree = BUILT_PRODUCTS_DIR; };
		DEE200FC1D828D2B00FDA521 /* AppDelegate.swift */ = {isa = PBXFileReference; lastKnownFileType = sourcecode.swift; path = AppDelegate.swift; sourceTree = "<group>"; };
		DEE201011D828D2B00FDA521 /* Base */ = {isa = PBXFileReference; lastKnownFileType = file.storyboard; name = Base; path = Base.lproj/Main.storyboard; sourceTree = "<group>"; };
		DEE201031D828D2B00FDA521 /* Assets.xcassets */ = {isa = PBXFileReference; lastKnownFileType = folder.assetcatalog; path = Assets.xcassets; sourceTree = "<group>"; };
		DEE201061D828D2B00FDA521 /* Base */ = {isa = PBXFileReference; lastKnownFileType = file.storyboard; name = Base; path = Base.lproj/LaunchScreen.storyboard; sourceTree = "<group>"; };
		DEE201081D828D2B00FDA521 /* Info.plist */ = {isa = PBXFileReference; lastKnownFileType = text.plist.xml; path = Info.plist; sourceTree = "<group>"; };
		DEE2010E1D828E1600FDA521 /* ImagesViewController.swift */ = {isa = PBXFileReference; fileEncoding = 4; lastKnownFileType = sourcecode.swift; path = ImagesViewController.swift; sourceTree = "<group>"; };
/* End PBXFileReference section */

/* Begin PBXFrameworksBuildPhase section */
		DEE200F61D828D2B00FDA521 /* Frameworks */ = {
			isa = PBXFrameworksBuildPhase;
			buildActionMask = 2147483647;
			files = (
			);
			runOnlyForDeploymentPostprocessing = 0;
		};
/* End PBXFrameworksBuildPhase section */

/* Begin PBXGroup section */
		DEE200F01D828D2B00FDA521 = {
			isa = PBXGroup;
			children = (
				DEE200FB1D828D2B00FDA521 /* SizeClassesLesson */,
				DEE200FA1D828D2B00FDA521 /* Products */,
			);
			sourceTree = "<group>";
		};
		DEE200FA1D828D2B00FDA521 /* Products */ = {
			isa = PBXGroup;
			children = (
				DEE200F91D828D2B00FDA521 /* SizeClassesLesson.app */,
			);
			name = Products;
			sourceTree = "<group>";
		};
		DEE200FB1D828D2B00FDA521 /* SizeClassesLesson */ = {
			isa = PBXGroup;
			children = (
				DEE200FC1D828D2B00FDA521 /* AppDelegate.swift */,
				DEE2010E1D828E1600FDA521 /* ImagesViewController.swift */,
				DEBD16961D87653B00E5C4DD /* ImageCell.swift */,
				DEE201001D828D2B00FDA521 /* Main.storyboard */,
				DEE201031D828D2B00FDA521 /* Assets.xcassets */,
				DEE201051D828D2B00FDA521 /* LaunchScreen.storyboard */,
				DEE201081D828D2B00FDA521 /* Info.plist */,
			);
			path = SizeClassesLesson;
			sourceTree = "<group>";
		};
/* End PBXGroup section */

/* Begin PBXNativeTarget section */
		DEE200F81D828D2B00FDA521 /* SizeClassesLesson */ = {
			isa = PBXNativeTarget;
			buildConfigurationList = DEE2010B1D828D2B00FDA521 /* Build configuration list for PBXNativeTarget "SizeClassesLesson" */;
			buildPhases = (
				DEE200F51D828D2B00FDA521 /* Sources */,
				DEE200F61D828D2B00FDA521 /* Frameworks */,
				DEE200F71D828D2B00FDA521 /* Resources */,
			);
			buildRules = (
			);
			dependencies = (
			);
			name = SizeClassesLesson;
			productName = SizeClassesLesson;
			productReference = DEE200F91D828D2B00FDA521 /* SizeClassesLesson.app */;
			productType = "com.apple.product-type.application";
		};
/* End PBXNativeTarget section */

/* Begin PBXProject section */
		DEE200F11D828D2B00FDA521 /* Project object */ = {
			isa = PBXProject;
			attributes = {
				LastSwiftUpdateCheck = 0800;
				LastUpgradeCheck = 0800;
				ORGANIZATIONNAME = "General Assembly";
				TargetAttributes = {
					DEE200F81D828D2B00FDA521 = {
						CreatedOnToolsVersion = 8.0;
						ProvisioningStyle = Automatic;
					};
				};
			};
			buildConfigurationList = DEE200F41D828D2B00FDA521 /* Build configuration list for PBXProject "SizeClassesLesson" */;
			compatibilityVersion = "Xcode 3.2";
			developmentRegion = English;
			hasScannedForEncodings = 0;
			knownRegions = (
				en,
				Base,
			);
			mainGroup = DEE200F01D828D2B00FDA521;
			productRefGroup = DEE200FA1D828D2B00FDA521 /* Products */;
			projectDirPath = "";
			projectRoot = "";
			targets = (
				DEE200F81D828D2B00FDA521 /* SizeClassesLesson */,
			);
		};
/* End PBXProject section */

/* Begin PBXResourcesBuildPhase section */
		DEE200F71D828D2B00FDA521 /* Resources */ = {
			isa = PBXResourcesBuildPhase;
			buildActionMask = 2147483647;
			files = (
				DEE201071D828D2B00FDA521 /* LaunchScreen.storyboard in Resources */,
				DEE201041D828D2B00FDA521 /* Assets.xcassets in Resources */,
				DEE201021D828D2B00FDA521 /* Main.storyboard in Resources */,
			);
			runOnlyForDeploymentPostprocessing = 0;
		};
/* End PBXResourcesBuildPhase section */

/* Begin PBXSourcesBuildPhase section */
		DEE200F51D828D2B00FDA521 /* Sources */ = {
			isa = PBXSourcesBuildPhase;
			buildActionMask = 2147483647;
			files = (
				DEE2010F1D828E1600FDA521 /* ImagesViewController.swift in Sources */,
				DEE200FD1D828D2B00FDA521 /* AppDelegate.swift in Sources */,
				DEBD16971D87653B00E5C4DD /* ImageCell.swift in Sources */,
			);
			runOnlyForDeploymentPostprocessing = 0;
		};
/* End PBXSourcesBuildPhase section */

/* Begin PBXVariantGroup section */
		DEE201001D828D2B00FDA521 /* Main.storyboard */ = {
			isa = PBXVariantGroup;
			children = (
				DEE201011D828D2B00FDA521 /* Base */,
			);
			name = Main.storyboard;
			sourceTree = "<group>";
		};
		DEE201051D828D2B00FDA521 /* LaunchScreen.storyboard */ = {
			isa = PBXVariantGroup;
			children = (
				DEE201061D828D2B00FDA521 /* Base */,
			);
			name = LaunchScreen.storyboard;
			sourceTree = "<group>";
		};
/* End PBXVariantGroup section */

/* Begin XCBuildConfiguration section */
		DEE201091D828D2B00FDA521 /* Debug */ = {
			isa = XCBuildConfiguration;
			buildSettings = {
				ALWAYS_SEARCH_USER_PATHS = NO;
				CLANG_ANALYZER_NONNULL = YES;
				CLANG_CXX_LANGUAGE_STANDARD = "gnu++0x";
				CLANG_CXX_LIBRARY = "libc++";
				CLANG_ENABLE_MODULES = YES;
				CLANG_ENABLE_OBJC_ARC = YES;
				CLANG_WARN_BOOL_CONVERSION = YES;
				CLANG_WARN_CONSTANT_CONVERSION = YES;
				CLANG_WARN_DIRECT_OBJC_ISA_USAGE = YES_ERROR;
				CLANG_WARN_DOCUMENTATION_COMMENTS = YES;
				CLANG_WARN_EMPTY_BODY = YES;
				CLANG_WARN_ENUM_CONVERSION = YES;
				CLANG_WARN_INFINITE_RECURSION = YES;
				CLANG_WARN_INT_CONVERSION = YES;
				CLANG_WARN_OBJC_ROOT_CLASS = YES_ERROR;
				CLANG_WARN_SUSPICIOUS_MOVES = YES;
				CLANG_WARN_UNREACHABLE_CODE = YES;
				CLANG_WARN__DUPLICATE_METHOD_MATCH = YES;
				"CODE_SIGN_IDENTITY[sdk=iphoneos*]" = "iPhone Developer";
				COPY_PHASE_STRIP = NO;
				DEBUG_INFORMATION_FORMAT = dwarf;
				ENABLE_STRICT_OBJC_MSGSEND = YES;
				ENABLE_TESTABILITY = YES;
				GCC_C_LANGUAGE_STANDARD = gnu99;
				GCC_DYNAMIC_NO_PIC = NO;
				GCC_NO_COMMON_BLOCKS = YES;
				GCC_OPTIMIZATION_LEVEL = 0;
				GCC_PREPROCESSOR_DEFINITIONS = (
					"DEBUG=1",
					"$(inherited)",
				);
				GCC_WARN_64_TO_32_BIT_CONVERSION = YES;
				GCC_WARN_ABOUT_RETURN_TYPE = YES_ERROR;
				GCC_WARN_UNDECLARED_SELECTOR = YES;
				GCC_WARN_UNINITIALIZED_AUTOS = YES_AGGRESSIVE;
				GCC_WARN_UNUSED_FUNCTION = YES;
				GCC_WARN_UNUSED_VARIABLE = YES;
				IPHONEOS_DEPLOYMENT_TARGET = 10.0;
				MTL_ENABLE_DEBUG_INFO = YES;
				ONLY_ACTIVE_ARCH = YES;
				SDKROOT = iphoneos;
				SWIFT_ACTIVE_COMPILATION_CONDITIONS = DEBUG;
				SWIFT_OPTIMIZATION_LEVEL = "-Onone";
				TARGETED_DEVICE_FAMILY = "1,2";
			};
			name = Debug;
		};
		DEE2010A1D828D2B00FDA521 /* Release */ = {
			isa = XCBuildConfiguration;
			buildSettings = {
				ALWAYS_SEARCH_USER_PATHS = NO;
				CLANG_ANALYZER_NONNULL = YES;
				CLANG_CXX_LANGUAGE_STANDARD = "gnu++0x";
				CLANG_CXX_LIBRARY = "libc++";
				CLANG_ENABLE_MODULES = YES;
				CLANG_ENABLE_OBJC_ARC = YES;
				CLANG_WARN_BOOL_CONVERSION = YES;
				CLANG_WARN_CONSTANT_CONVERSION = YES;
				CLANG_WARN_DIRECT_OBJC_ISA_USAGE = YES_ERROR;
				CLANG_WARN_DOCUMENTATION_COMMENTS = YES;
				CLANG_WARN_EMPTY_BODY = YES;
				CLANG_WARN_ENUM_CONVERSION = YES;
				CLANG_WARN_INFINITE_RECURSION = YES;
				CLANG_WARN_INT_CONVERSION = YES;
				CLANG_WARN_OBJC_ROOT_CLASS = YES_ERROR;
				CLANG_WARN_SUSPICIOUS_MOVES = YES;
				CLANG_WARN_UNREACHABLE_CODE = YES;
				CLANG_WARN__DUPLICATE_METHOD_MATCH = YES;
				"CODE_SIGN_IDENTITY[sdk=iphoneos*]" = "iPhone Developer";
				COPY_PHASE_STRIP = NO;
				DEBUG_INFORMATION_FORMAT = "dwarf-with-dsym";
				ENABLE_NS_ASSERTIONS = NO;
				ENABLE_STRICT_OBJC_MSGSEND = YES;
				GCC_C_LANGUAGE_STANDARD = gnu99;
				GCC_NO_COMMON_BLOCKS = YES;
				GCC_WARN_64_TO_32_BIT_CONVERSION = YES;
				GCC_WARN_ABOUT_RETURN_TYPE = YES_ERROR;
				GCC_WARN_UNDECLARED_SELECTOR = YES;
				GCC_WARN_UNINITIALIZED_AUTOS = YES_AGGRESSIVE;
				GCC_WARN_UNUSED_FUNCTION = YES;
				GCC_WARN_UNUSED_VARIABLE = YES;
				IPHONEOS_DEPLOYMENT_TARGET = 10.0;
				MTL_ENABLE_DEBUG_INFO = NO;
				SDKROOT = iphoneos;
				SWIFT_OPTIMIZATION_LEVEL = "-Owholemodule";
				TARGETED_DEVICE_FAMILY = "1,2";
				VALIDATE_PRODUCT = YES;
			};
			name = Release;
		};
		DEE2010C1D828D2B00FDA521 /* Debug */ = {
			isa = XCBuildConfiguration;
			buildSettings = {
				ASSETCATALOG_COMPILER_APPICON_NAME = AppIcon;
				INFOPLIST_FILE = SizeClassesLesson/Info.plist;
				LD_RUNPATH_SEARCH_PATHS = "$(inherited) @executable_path/Frameworks";
				PRODUCT_BUNDLE_IDENTIFIER = ly.generalassemb.SizeClassesLesson;
				PRODUCT_NAME = "$(TARGET_NAME)";
				SWIFT_VERSION = 3.0;
			};
			name = Debug;
		};
		DEE2010D1D828D2B00FDA521 /* Release */ = {
			isa = XCBuildConfiguration;
			buildSettings = {
				ASSETCATALOG_COMPILER_APPICON_NAME = AppIcon;
				INFOPLIST_FILE = SizeClassesLesson/Info.plist;
				LD_RUNPATH_SEARCH_PATHS = "$(inherited) @executable_path/Frameworks";
				PRODUCT_BUNDLE_IDENTIFIER = ly.generalassemb.SizeClassesLesson;
				PRODUCT_NAME = "$(TARGET_NAME)";
				SWIFT_VERSION = 3.0;
			};
			name = Release;
		};
/* End XCBuildConfiguration section */

/* Begin XCConfigurationList section */
		DEE200F41D828D2B00FDA521 /* Build configuration list for PBXProject "SizeClassesLesson" */ = {
			isa = XCConfigurationList;
			buildConfigurations = (
				DEE201091D828D2B00FDA521 /* Debug */,
				DEE2010A1D828D2B00FDA521 /* Release */,
			);
			defaultConfigurationIsVisible = 0;
			defaultConfigurationName = Release;
		};
		DEE2010B1D828D2B00FDA521 /* Build configuration list for PBXNativeTarget "SizeClassesLesson" */ = {
			isa = XCConfigurationList;
			buildConfigurations = (
				DEE2010C1D828D2B00FDA521 /* Debug */,
				DEE2010D1D828D2B00FDA521 /* Release */,
			);
			defaultConfigurationIsVisible = 0;
			defaultConfigurationName = Release;
		};
/* End XCConfigurationList section */
	};
	rootObject = DEE200F11D828D2B00FDA521 /* Project object */;
}
