// !$*UTF8*$!
{
	archiveVersion = 1;
	classes = {
	};
	objectVersion = 46;
	objects = {

/* Begin PBXBuildFile section */
		DE652D591D72AF7800F1B52A /* AppDelegate.swift in Sources */ = {isa = PBXBuildFile; fileRef = DE652D581D72AF7800F1B52A /* AppDelegate.swift */; };
		DE652D5B1D72AF7800F1B52A /* CategoriesViewController.swift in Sources */ = {isa = PBXBuildFile; fileRef = DE652D5A1D72AF7800F1B52A /* CategoriesViewController.swift */; };
		DE652D5E1D72AF7900F1B52A /* Main.storyboard in Resources */ = {isa = PBXBuildFile; fileRef = DE652D5C1D72AF7900F1B52A /* Main.storyboard */; };
		DE652D601D72AF7900F1B52A /* Assets.xcassets in Resources */ = {isa = PBXBuildFile; fileRef = DE652D5F1D72AF7900F1B52A /* Assets.xcassets */; };
		DE652D631D72AF7900F1B52A /* LaunchScreen.storyboard in Resources */ = {isa = PBXBuildFile; fileRef = DE652D611D72AF7900F1B52A /* LaunchScreen.storyboard */; };
		DE652D6B1D72B0B400F1B52A /* CategoryCell.swift in Sources */ = {isa = PBXBuildFile; fileRef = DE652D6A1D72B0B400F1B52A /* CategoryCell.swift */; };
/* End PBXBuildFile section */

/* Begin PBXFileReference section */
		DE652D551D72AF7800F1B52A /* TableViewsLesson2.app */ = {isa = PBXFileReference; explicitFileType = wrapper.application; includeInIndex = 0; path = TableViewsLesson2.app; sourceTree = BUILT_PRODUCTS_DIR; };
		DE652D581D72AF7800F1B52A /* AppDelegate.swift */ = {isa = PBXFileReference; lastKnownFileType = sourcecode.swift; path = AppDelegate.swift; sourceTree = "<group>"; };
		DE652D5A1D72AF7800F1B52A /* CategoriesViewController.swift */ = {isa = PBXFileReference; lastKnownFileType = sourcecode.swift; path = CategoriesViewController.swift; sourceTree = "<group>"; };
		DE652D5D1D72AF7900F1B52A /* Base */ = {isa = PBXFileReference; lastKnownFileType = file.storyboard; name = Base; path = Base.lproj/Main.storyboard; sourceTree = "<group>"; };
		DE652D5F1D72AF7900F1B52A /* Assets.xcassets */ = {isa = PBXFileReference; lastKnownFileType = folder.assetcatalog; path = Assets.xcassets; sourceTree = "<group>"; };
		DE652D621D72AF7900F1B52A /* Base */ = {isa = PBXFileReference; lastKnownFileType = file.storyboard; name = Base; path = Base.lproj/LaunchScreen.storyboard; sourceTree = "<group>"; };
		DE652D641D72AF7900F1B52A /* Info.plist */ = {isa = PBXFileReference; lastKnownFileType = text.plist.xml; path = Info.plist; sourceTree = "<group>"; };
		DE652D6A1D72B0B400F1B52A /* CategoryCell.swift */ = {isa = PBXFileReference; fileEncoding = 4; lastKnownFileType = sourcecode.swift; path = CategoryCell.swift; sourceTree = "<group>"; };
/* End PBXFileReference section */

/* Begin PBXFrameworksBuildPhase section */
		DE652D521D72AF7800F1B52A /* Frameworks */ = {
			isa = PBXFrameworksBuildPhase;
			buildActionMask = 2147483647;
			files = (
			);
			runOnlyForDeploymentPostprocessing = 0;
		};
/* End PBXFrameworksBuildPhase section */

/* Begin PBXGroup section */
		DE652D4C1D72AF7800F1B52A = {
			isa = PBXGroup;
			children = (
				DE652D571D72AF7800F1B52A /* TableViewsLesson2 */,
				DE652D561D72AF7800F1B52A /* Products */,
			);
			sourceTree = "<group>";
		};
		DE652D561D72AF7800F1B52A /* Products */ = {
			isa = PBXGroup;
			children = (
				DE652D551D72AF7800F1B52A /* TableViewsLesson2.app */,
			);
			name = Products;
			sourceTree = "<group>";
		};
		DE652D571D72AF7800F1B52A /* TableViewsLesson2 */ = {
			isa = PBXGroup;
			children = (
				DE652D581D72AF7800F1B52A /* AppDelegate.swift */,
				DE652D5A1D72AF7800F1B52A /* CategoriesViewController.swift */,
				DE652D6A1D72B0B400F1B52A /* CategoryCell.swift */,
				DE652D5C1D72AF7900F1B52A /* Main.storyboard */,
				DE652D5F1D72AF7900F1B52A /* Assets.xcassets */,
				DE652D611D72AF7900F1B52A /* LaunchScreen.storyboard */,
				DE652D641D72AF7900F1B52A /* Info.plist */,
			);
			path = TableViewsLesson2;
			sourceTree = "<group>";
		};
/* End PBXGroup section */

/* Begin PBXNativeTarget section */
		DE652D541D72AF7800F1B52A /* TableViewsLesson2 */ = {
			isa = PBXNativeTarget;
			buildConfigurationList = DE652D671D72AF7900F1B52A /* Build configuration list for PBXNativeTarget "TableViewsLesson2" */;
			buildPhases = (
				DE652D511D72AF7800F1B52A /* Sources */,
				DE652D521D72AF7800F1B52A /* Frameworks */,
				DE652D531D72AF7800F1B52A /* Resources */,
			);
			buildRules = (
			);
			dependencies = (
			);
			name = TableViewsLesson2;
			productName = TableViewsLesson2;
			productReference = DE652D551D72AF7800F1B52A /* TableViewsLesson2.app */;
			productType = "com.apple.product-type.application";
		};
/* End PBXNativeTarget section */

/* Begin PBXProject section */
		DE652D4D1D72AF7800F1B52A /* Project object */ = {
			isa = PBXProject;
			attributes = {
				LastSwiftUpdateCheck = 0800;
				LastUpgradeCheck = 0800;
				ORGANIZATIONNAME = "General Assembly";
				TargetAttributes = {
					DE652D541D72AF7800F1B52A = {
						CreatedOnToolsVersion = 8.0;
						ProvisioningStyle = Automatic;
					};
				};
			};
			buildConfigurationList = DE652D501D72AF7800F1B52A /* Build configuration list for PBXProject "TableViewsLesson2" */;
			compatibilityVersion = "Xcode 3.2";
			developmentRegion = English;
			hasScannedForEncodings = 0;
			knownRegions = (
				en,
				Base,
			);
			mainGroup = DE652D4C1D72AF7800F1B52A;
			productRefGroup = DE652D561D72AF7800F1B52A /* Products */;
			projectDirPath = "";
			projectRoot = "";
			targets = (
				DE652D541D72AF7800F1B52A /* TableViewsLesson2 */,
			);
		};
/* End PBXProject section */

/* Begin PBXResourcesBuildPhase section */
		DE652D531D72AF7800F1B52A /* Resources */ = {
			isa = PBXResourcesBuildPhase;
			buildActionMask = 2147483647;
			files = (
				DE652D631D72AF7900F1B52A /* LaunchScreen.storyboard in Resources */,
				DE652D601D72AF7900F1B52A /* Assets.xcassets in Resources */,
				DE652D5E1D72AF7900F1B52A /* Main.storyboard in Resources */,
			);
			runOnlyForDeploymentPostprocessing = 0;
		};
/* End PBXResourcesBuildPhase section */

/* Begin PBXSourcesBuildPhase section */
		DE652D511D72AF7800F1B52A /* Sources */ = {
			isa = PBXSourcesBuildPhase;
			buildActionMask = 2147483647;
			files = (
				DE652D5B1D72AF7800F1B52A /* CategoriesViewController.swift in Sources */,
				DE652D591D72AF7800F1B52A /* AppDelegate.swift in Sources */,
				DE652D6B1D72B0B400F1B52A /* CategoryCell.swift in Sources */,
			);
			runOnlyForDeploymentPostprocessing = 0;
		};
/* End PBXSourcesBuildPhase section */

/* Begin PBXVariantGroup section */
		DE652D5C1D72AF7900F1B52A /* Main.storyboard */ = {
			isa = PBXVariantGroup;
			children = (
				DE652D5D1D72AF7900F1B52A /* Base */,
			);
			name = Main.storyboard;
			sourceTree = "<group>";
		};
		DE652D611D72AF7900F1B52A /* LaunchScreen.storyboard */ = {
			isa = PBXVariantGroup;
			children = (
				DE652D621D72AF7900F1B52A /* Base */,
			);
			name = LaunchScreen.storyboard;
			sourceTree = "<group>";
		};
/* End PBXVariantGroup section */

/* Begin XCBuildConfiguration section */
		DE652D651D72AF7900F1B52A /* Debug */ = {
			isa = XCBuildConfiguration;
			buildSettings = {
				ALWAYS_SEARCH_USER_PATHS = NO;
				CLANG_ANALYZER_NONNULL = YES;
				CLANG_CXX_LANGUAGE_STANDARD = "gnu++0x";
				CLANG_CXX_LIBRARY = "libc++";
				CLANG_ENABLE_MODULES = YES;
				CLANG_ENABLE_OBJC_ARC = YES;
				CLANG_WARN_BOOL_CONVERSION = YES;
				CLANG_WARN_CONSTANT_CONVERSION = YES;
				CLANG_WARN_DIRECT_OBJC_ISA_USAGE = YES_ERROR;
				CLANG_WARN_DOCUMENTATION_COMMENTS = YES;
				CLANG_WARN_EMPTY_BODY = YES;
				CLANG_WARN_ENUM_CONVERSION = YES;
				CLANG_WARN_INFINITE_RECURSION = YES;
				CLANG_WARN_INT_CONVERSION = YES;
				CLANG_WARN_OBJC_ROOT_CLASS = YES_ERROR;
				CLANG_WARN_SUSPICIOUS_MOVES = YES;
				CLANG_WARN_UNREACHABLE_CODE = YES;
				CLANG_WARN__DUPLICATE_METHOD_MATCH = YES;
				"CODE_SIGN_IDENTITY[sdk=iphoneos*]" = "iPhone Developer";
				COPY_PHASE_STRIP = NO;
				DEBUG_INFORMATION_FORMAT = dwarf;
				ENABLE_STRICT_OBJC_MSGSEND = YES;
				ENABLE_TESTABILITY = YES;
				GCC_C_LANGUAGE_STANDARD = gnu99;
				GCC_DYNAMIC_NO_PIC = NO;
				GCC_NO_COMMON_BLOCKS = YES;
				GCC_OPTIMIZATION_LEVEL = 0;
				GCC_PREPROCESSOR_DEFINITIONS = (
					"DEBUG=1",
					"$(inherited)",
				);
				GCC_WARN_64_TO_32_BIT_CONVERSION = YES;
				GCC_WARN_ABOUT_RETURN_TYPE = YES_ERROR;
				GCC_WARN_UNDECLARED_SELECTOR = YES;
				GCC_WARN_UNINITIALIZED_AUTOS = YES_AGGRESSIVE;
				GCC_WARN_UNUSED_FUNCTION = YES;
				GCC_WARN_UNUSED_VARIABLE = YES;
				IPHONEOS_DEPLOYMENT_TARGET = 10.0;
				MTL_ENABLE_DEBUG_INFO = YES;
				ONLY_ACTIVE_ARCH = YES;
				SDKROOT = iphoneos;
				SWIFT_ACTIVE_COMPILATION_CONDITIONS = DEBUG;
				SWIFT_OPTIMIZATION_LEVEL = "-Onone";
				TARGETED_DEVICE_FAMILY = "1,2";
			};
			name = Debug;
		};
		DE652D661D72AF7900F1B52A /* Release */ = {
			isa = XCBuildConfiguration;
			buildSettings = {
				ALWAYS_SEARCH_USER_PATHS = NO;
				CLANG_ANALYZER_NONNULL = YES;
				CLANG_CXX_LANGUAGE_STANDARD = "gnu++0x";
				CLANG_CXX_LIBRARY = "libc++";
				CLANG_ENABLE_MODULES = YES;
				CLANG_ENABLE_OBJC_ARC = YES;
				CLANG_WARN_BOOL_CONVERSION = YES;
				CLANG_WARN_CONSTANT_CONVERSION = YES;
				CLANG_WARN_DIRECT_OBJC_ISA_USAGE = YES_ERROR;
				CLANG_WARN_DOCUMENTATION_COMMENTS = YES;
				CLANG_WARN_EMPTY_BODY = YES;
				CLANG_WARN_ENUM_CONVERSION = YES;
				CLANG_WARN_INFINITE_RECURSION = YES;
				CLANG_WARN_INT_CONVERSION = YES;
				CLANG_WARN_OBJC_ROOT_CLASS = YES_ERROR;
				CLANG_WARN_SUSPICIOUS_MOVES = YES;
				CLANG_WARN_UNREACHABLE_CODE = YES;
				CLANG_WARN__DUPLICATE_METHOD_MATCH = YES;
				"CODE_SIGN_IDENTITY[sdk=iphoneos*]" = "iPhone Developer";
				COPY_PHASE_STRIP = NO;
				DEBUG_INFORMATION_FORMAT = "dwarf-with-dsym";
				ENABLE_NS_ASSERTIONS = NO;
				ENABLE_STRICT_OBJC_MSGSEND = YES;
				GCC_C_LANGUAGE_STANDARD = gnu99;
				GCC_NO_COMMON_BLOCKS = YES;
				GCC_WARN_64_TO_32_BIT_CONVERSION = YES;
				GCC_WARN_ABOUT_RETURN_TYPE = YES_ERROR;
				GCC_WARN_UNDECLARED_SELECTOR = YES;
				GCC_WARN_UNINITIALIZED_AUTOS = YES_AGGRESSIVE;
				GCC_WARN_UNUSED_FUNCTION = YES;
				GCC_WARN_UNUSED_VARIABLE = YES;
				IPHONEOS_DEPLOYMENT_TARGET = 10.0;
				MTL_ENABLE_DEBUG_INFO = NO;
				SDKROOT = iphoneos;
				SWIFT_OPTIMIZATION_LEVEL = "-Owholemodule";
				TARGETED_DEVICE_FAMILY = "1,2";
				VALIDATE_PRODUCT = YES;
			};
			name = Release;
		};
		DE652D681D72AF7900F1B52A /* Debug */ = {
			isa = XCBuildConfiguration;
			buildSettings = {
				ASSETCATALOG_COMPILER_APPICON_NAME = AppIcon;
				INFOPLIST_FILE = TableViewsLesson2/Info.plist;
				LD_RUNPATH_SEARCH_PATHS = "$(inherited) @executable_path/Frameworks";
				PRODUCT_BUNDLE_IDENTIFIER = ly.generalassemb.TableViewsLesson2;
				PRODUCT_NAME = "$(TARGET_NAME)";
				SWIFT_VERSION = 3.0;
			};
			name = Debug;
		};
		DE652D691D72AF7900F1B52A /* Release */ = {
			isa = XCBuildConfiguration;
			buildSettings = {
				ASSETCATALOG_COMPILER_APPICON_NAME = AppIcon;
				INFOPLIST_FILE = TableViewsLesson2/Info.plist;
				LD_RUNPATH_SEARCH_PATHS = "$(inherited) @executable_path/Frameworks";
				PRODUCT_BUNDLE_IDENTIFIER = ly.generalassemb.TableViewsLesson2;
				PRODUCT_NAME = "$(TARGET_NAME)";
				SWIFT_VERSION = 3.0;
			};
			name = Release;
		};
/* End XCBuildConfiguration section */

/* Begin XCConfigurationList section */
		DE652D501D72AF7800F1B52A /* Build configuration list for PBXProject "TableViewsLesson2" */ = {
			isa = XCConfigurationList;
			buildConfigurations = (
				DE652D651D72AF7900F1B52A /* Debug */,
				DE652D661D72AF7900F1B52A /* Release */,
			);
			defaultConfigurationIsVisible = 0;
			defaultConfigurationName = Release;
		};
		DE652D671D72AF7900F1B52A /* Build configuration list for PBXNativeTarget "TableViewsLesson2" */ = {
			isa = XCConfigurationList;
			buildConfigurations = (
				DE652D681D72AF7900F1B52A /* Debug */,
				DE652D691D72AF7900F1B52A /* Release */,
			);
			defaultConfigurationIsVisible = 0;
		};
/* End XCConfigurationList section */
	};
	rootObject = DE652D4D1D72AF7800F1B52A /* Project object */;
}
