// !$*UTF8*$!
{
	archiveVersion = 1;
	classes = {
	};
	objectVersion = 46;
	objects = {

/* Begin PBXBuildFile section */
		491D1F6D1E9801040070A209 /* AppDelegate.swift in Sources */ = {isa = PBXBuildFile; fileRef = 491D1F6C1E9801040070A209 /* AppDelegate.swift */; };
		491D1F6F1E9801040070A209 /* ViewController.swift in Sources */ = {isa = PBXBuildFile; fileRef = 491D1F6E1E9801040070A209 /* ViewController.swift */; };
		491D1F721E9801040070A209 /* Main.storyboard in Resources */ = {isa = PBXBuildFile; fileRef = 491D1F701E9801040070A209 /* Main.storyboard */; };
		491D1F741E9801040070A209 /* Assets.xcassets in Resources */ = {isa = PBXBuildFile; fileRef = 491D1F731E9801040070A209 /* Assets.xcassets */; };
		491D1F771E9801040070A209 /* LaunchScreen.storyboard in Resources */ = {isa = PBXBuildFile; fileRef = 491D1F751E9801040070A209 /* LaunchScreen.storyboard */; };
		491D1F7F1E98019F0070A209 /* ViewControllerTwo.swift in Sources */ = {isa = PBXBuildFile; fileRef = 491D1F7E1E98019F0070A209 /* ViewControllerTwo.swift */; };
/* End PBXBuildFile section */

/* Begin PBXFileReference section */
		491D1F691E9801040070A209 /* NotificationLesson.app */ = {isa = PBXFileReference; explicitFileType = wrapper.application; includeInIndex = 0; path = NotificationLesson.app; sourceTree = BUILT_PRODUCTS_DIR; };
		491D1F6C1E9801040070A209 /* AppDelegate.swift */ = {isa = PBXFileReference; lastKnownFileType = sourcecode.swift; path = AppDelegate.swift; sourceTree = "<group>"; };
		491D1F6E1E9801040070A209 /* ViewController.swift */ = {isa = PBXFileReference; lastKnownFileType = sourcecode.swift; path = ViewController.swift; sourceTree = "<group>"; };
		491D1F711E9801040070A209 /* Base */ = {isa = PBXFileReference; lastKnownFileType = file.storyboard; name = Base; path = Base.lproj/Main.storyboard; sourceTree = "<group>"; };
		491D1F731E9801040070A209 /* Assets.xcassets */ = {isa = PBXFileReference; lastKnownFileType = folder.assetcatalog; path = Assets.xcassets; sourceTree = "<group>"; };
		491D1F761E9801040070A209 /* Base */ = {isa = PBXFileReference; lastKnownFileType = file.storyboard; name = Base; path = Base.lproj/LaunchScreen.storyboard; sourceTree = "<group>"; };
		491D1F781E9801040070A209 /* Info.plist */ = {isa = PBXFileReference; lastKnownFileType = text.plist.xml; path = Info.plist; sourceTree = "<group>"; };
		491D1F7E1E98019F0070A209 /* ViewControllerTwo.swift */ = {isa = PBXFileReference; fileEncoding = 4; lastKnownFileType = sourcecode.swift; path = ViewControllerTwo.swift; sourceTree = "<group>"; };
/* End PBXFileReference section */

/* Begin PBXFrameworksBuildPhase section */
		491D1F661E9801040070A209 /* Frameworks */ = {
			isa = PBXFrameworksBuildPhase;
			buildActionMask = 2147483647;
			files = (
			);
			runOnlyForDeploymentPostprocessing = 0;
		};
/* End PBXFrameworksBuildPhase section */

/* Begin PBXGroup section */
		491D1F601E9801040070A209 = {
			isa = PBXGroup;
			children = (
				491D1F6B1E9801040070A209 /* NotificationLesson */,
				491D1F6A1E9801040070A209 /* Products */,
			);
			sourceTree = "<group>";
		};
		491D1F6A1E9801040070A209 /* Products */ = {
			isa = PBXGroup;
			children = (
				491D1F691E9801040070A209 /* NotificationLesson.app */,
			);
			name = Products;
			sourceTree = "<group>";
		};
		491D1F6B1E9801040070A209 /* NotificationLesson */ = {
			isa = PBXGroup;
			children = (
				491D1F6C1E9801040070A209 /* AppDelegate.swift */,
				491D1F6E1E9801040070A209 /* ViewController.swift */,
				491D1F7E1E98019F0070A209 /* ViewControllerTwo.swift */,
				491D1F701E9801040070A209 /* Main.storyboard */,
				491D1F731E9801040070A209 /* Assets.xcassets */,
				491D1F751E9801040070A209 /* LaunchScreen.storyboard */,
				491D1F781E9801040070A209 /* Info.plist */,
			);
			path = NotificationLesson;
			sourceTree = "<group>";
		};
/* End PBXGroup section */

/* Begin PBXNativeTarget section */
		491D1F681E9801040070A209 /* NotificationLesson */ = {
			isa = PBXNativeTarget;
			buildConfigurationList = 491D1F7B1E9801040070A209 /* Build configuration list for PBXNativeTarget "NotificationLesson" */;
			buildPhases = (
				491D1F651E9801040070A209 /* Sources */,
				491D1F661E9801040070A209 /* Frameworks */,
				491D1F671E9801040070A209 /* Resources */,
			);
			buildRules = (
			);
			dependencies = (
			);
			name = NotificationLesson;
			productName = NotificationLesson;
			productReference = 491D1F691E9801040070A209 /* NotificationLesson.app */;
			productType = "com.apple.product-type.application";
		};
/* End PBXNativeTarget section */

/* Begin PBXProject section */
		491D1F611E9801040070A209 /* Project object */ = {
			isa = PBXProject;
			attributes = {
				LastSwiftUpdateCheck = 0830;
				LastUpgradeCheck = 0830;
				ORGANIZATIONNAME = Ellatronic;
				TargetAttributes = {
					491D1F681E9801040070A209 = {
						CreatedOnToolsVersion = 8.3;
						DevelopmentTeam = 55GD3S5ST7;
						ProvisioningStyle = Automatic;
					};
				};
			};
			buildConfigurationList = 491D1F641E9801040070A209 /* Build configuration list for PBXProject "NotificationLesson" */;
			compatibilityVersion = "Xcode 3.2";
			developmentRegion = English;
			hasScannedForEncodings = 0;
			knownRegions = (
				en,
				Base,
			);
			mainGroup = 491D1F601E9801040070A209;
			productRefGroup = 491D1F6A1E9801040070A209 /* Products */;
			projectDirPath = "";
			projectRoot = "";
			targets = (
				491D1F681E9801040070A209 /* NotificationLesson */,
			);
		};
/* End PBXProject section */

/* Begin PBXResourcesBuildPhase section */
		491D1F671E9801040070A209 /* Resources */ = {
			isa = PBXResourcesBuildPhase;
			buildActionMask = 2147483647;
			files = (
				491D1F771E9801040070A209 /* LaunchScreen.storyboard in Resources */,
				491D1F741E9801040070A209 /* Assets.xcassets in Resources */,
				491D1F721E9801040070A209 /* Main.storyboard in Resources */,
			);
			runOnlyForDeploymentPostprocessing = 0;
		};
/* End PBXResourcesBuildPhase section */

/* Begin PBXSourcesBuildPhase section */
		491D1F651E9801040070A209 /* Sources */ = {
			isa = PBXSourcesBuildPhase;
			buildActionMask = 2147483647;
			files = (
				491D1F6F1E9801040070A209 /* ViewController.swift in Sources */,
				491D1F6D1E9801040070A209 /* AppDelegate.swift in Sources */,
				491D1F7F1E98019F0070A209 /* ViewControllerTwo.swift in Sources */,
			);
			runOnlyForDeploymentPostprocessing = 0;
		};
/* End PBXSourcesBuildPhase section */

/* Begin PBXVariantGroup section */
		491D1F701E9801040070A209 /* Main.storyboard */ = {
			isa = PBXVariantGroup;
			children = (
				491D1F711E9801040070A209 /* Base */,
			);
			name = Main.storyboard;
			sourceTree = "<group>";
		};
		491D1F751E9801040070A209 /* LaunchScreen.storyboard */ = {
			isa = PBXVariantGroup;
			children = (
				491D1F761E9801040070A209 /* Base */,
			);
			name = LaunchScreen.storyboard;
			sourceTree = "<group>";
		};
/* End PBXVariantGroup section */

/* Begin XCBuildConfiguration section */
		491D1F791E9801040070A209 /* Debug */ = {
			isa = XCBuildConfiguration;
			buildSettings = {
				ALWAYS_SEARCH_USER_PATHS = NO;
				CLANG_ANALYZER_NONNULL = YES;
				CLANG_ANALYZER_NUMBER_OBJECT_CONVERSION = YES_AGGRESSIVE;
				CLANG_CXX_LANGUAGE_STANDARD = "gnu++0x";
				CLANG_CXX_LIBRARY = "libc++";
				CLANG_ENABLE_MODULES = YES;
				CLANG_ENABLE_OBJC_ARC = YES;
				CLANG_WARN_BOOL_CONVERSION = YES;
				CLANG_WARN_CONSTANT_CONVERSION = YES;
				CLANG_WARN_DIRECT_OBJC_ISA_USAGE = YES_ERROR;
				CLANG_WARN_DOCUMENTATION_COMMENTS = YES;
				CLANG_WARN_EMPTY_BODY = YES;
				CLANG_WARN_ENUM_CONVERSION = YES;
				CLANG_WARN_INFINITE_RECURSION = YES;
				CLANG_WARN_INT_CONVERSION = YES;
				CLANG_WARN_OBJC_ROOT_CLASS = YES_ERROR;
				CLANG_WARN_SUSPICIOUS_MOVE = YES;
				CLANG_WARN_UNREACHABLE_CODE = YES;
				CLANG_WARN__DUPLICATE_METHOD_MATCH = YES;
				"CODE_SIGN_IDENTITY[sdk=iphoneos*]" = "iPhone Developer";
				COPY_PHASE_STRIP = NO;
				DEBUG_INFORMATION_FORMAT = dwarf;
				ENABLE_STRICT_OBJC_MSGSEND = YES;
				ENABLE_TESTABILITY = YES;
				GCC_C_LANGUAGE_STANDARD = gnu99;
				GCC_DYNAMIC_NO_PIC = NO;
				GCC_NO_COMMON_BLOCKS = YES;
				GCC_OPTIMIZATION_LEVEL = 0;
				GCC_PREPROCESSOR_DEFINITIONS = (
					"DEBUG=1",
					"$(inherited)",
				);
				GCC_WARN_64_TO_32_BIT_CONVERSION = YES;
				GCC_WARN_ABOUT_RETURN_TYPE = YES_ERROR;
				GCC_WARN_UNDECLARED_SELECTOR = YES;
				GCC_WARN_UNINITIALIZED_AUTOS = YES_AGGRESSIVE;
				GCC_WARN_UNUSED_FUNCTION = YES;
				GCC_WARN_UNUSED_VARIABLE = YES;
				IPHONEOS_DEPLOYMENT_TARGET = 10.3;
				MTL_ENABLE_DEBUG_INFO = YES;
				ONLY_ACTIVE_ARCH = YES;
				SDKROOT = iphoneos;
				SWIFT_ACTIVE_COMPILATION_CONDITIONS = DEBUG;
				SWIFT_OPTIMIZATION_LEVEL = "-Onone";
			};
			name = Debug;
		};
		491D1F7A1E9801040070A209 /* Release */ = {
			isa = XCBuildConfiguration;
			buildSettings = {
				ALWAYS_SEARCH_USER_PATHS = NO;
				CLANG_ANALYZER_NONNULL = YES;
				CLANG_ANALYZER_NUMBER_OBJECT_CONVERSION = YES_AGGRESSIVE;
				CLANG_CXX_LANGUAGE_STANDARD = "gnu++0x";
				CLANG_CXX_LIBRARY = "libc++";
				CLANG_ENABLE_MODULES = YES;
				CLANG_ENABLE_OBJC_ARC = YES;
				CLANG_WARN_BOOL_CONVERSION = YES;
				CLANG_WARN_CONSTANT_CONVERSION = YES;
				CLANG_WARN_DIRECT_OBJC_ISA_USAGE = YES_ERROR;
				CLANG_WARN_DOCUMENTATION_COMMENTS = YES;
				CLANG_WARN_EMPTY_BODY = YES;
				CLANG_WARN_ENUM_CONVERSION = YES;
				CLANG_WARN_INFINITE_RECURSION = YES;
				CLANG_WARN_INT_CONVERSION = YES;
				CLANG_WARN_OBJC_ROOT_CLASS = YES_ERROR;
				CLANG_WARN_SUSPICIOUS_MOVE = YES;
				CLANG_WARN_UNREACHABLE_CODE = YES;
				CLANG_WARN__DUPLICATE_METHOD_MATCH = YES;
				"CODE_SIGN_IDENTITY[sdk=iphoneos*]" = "iPhone Developer";
				COPY_PHASE_STRIP = NO;
				DEBUG_INFORMATION_FORMAT = "dwarf-with-dsym";
				ENABLE_NS_ASSERTIONS = NO;
				ENABLE_STRICT_OBJC_MSGSEND = YES;
				GCC_C_LANGUAGE_STANDARD = gnu99;
				GCC_NO_COMMON_BLOCKS = YES;
				GCC_WARN_64_TO_32_BIT_CONVERSION = YES;
				GCC_WARN_ABOUT_RETURN_TYPE = YES_ERROR;
				GCC_WARN_UNDECLARED_SELECTOR = YES;
				GCC_WARN_UNINITIALIZED_AUTOS = YES_AGGRESSIVE;
				GCC_WARN_UNUSED_FUNCTION = YES;
				GCC_WARN_UNUSED_VARIABLE = YES;
				IPHONEOS_DEPLOYMENT_TARGET = 10.3;
				MTL_ENABLE_DEBUG_INFO = NO;
				SDKROOT = iphoneos;
				SWIFT_OPTIMIZATION_LEVEL = "-Owholemodule";
				VALIDATE_PRODUCT = YES;
			};
			name = Release;
		};
		491D1F7C1E9801040070A209 /* Debug */ = {
			isa = XCBuildConfiguration;
			buildSettings = {
				ASSETCATALOG_COMPILER_APPICON_NAME = AppIcon;
				DEVELOPMENT_TEAM = 55GD3S5ST7;
				INFOPLIST_FILE = NotificationLesson/Info.plist;
				LD_RUNPATH_SEARCH_PATHS = "$(inherited) @executable_path/Frameworks";
				PRODUCT_BUNDLE_IDENTIFIER = com.ellatronic.NotificationLesson;
				PRODUCT_NAME = "$(TARGET_NAME)";
				SWIFT_VERSION = 3.0;
			};
			name = Debug;
		};
		491D1F7D1E9801040070A209 /* Release */ = {
			isa = XCBuildConfiguration;
			buildSettings = {
				ASSETCATALOG_COMPILER_APPICON_NAME = AppIcon;
				DEVELOPMENT_TEAM = 55GD3S5ST7;
				INFOPLIST_FILE = NotificationLesson/Info.plist;
				LD_RUNPATH_SEARCH_PATHS = "$(inherited) @executable_path/Frameworks";
				PRODUCT_BUNDLE_IDENTIFIER = com.ellatronic.NotificationLesson;
				PRODUCT_NAME = "$(TARGET_NAME)";
				SWIFT_VERSION = 3.0;
			};
			name = Release;
		};
/* End XCBuildConfiguration section */

/* Begin XCConfigurationList section */
		491D1F641E9801040070A209 /* Build configuration list for PBXProject "NotificationLesson" */ = {
			isa = XCConfigurationList;
			buildConfigurations = (
				491D1F791E9801040070A209 /* Debug */,
				491D1F7A1E9801040070A209 /* Release */,
			);
			defaultConfigurationIsVisible = 0;
			defaultConfigurationName = Release;
		};
		491D1F7B1E9801040070A209 /* Build configuration list for PBXNativeTarget "NotificationLesson" */ = {
			isa = XCConfigurationList;
			buildConfigurations = (
				491D1F7C1E9801040070A209 /* Debug */,
				491D1F7D1E9801040070A209 /* Release */,
			);
			defaultConfigurationIsVisible = 0;
		};
/* End XCConfigurationList section */
	};
	rootObject = 491D1F611E9801040070A209 /* Project object */;
}
