// !$*UTF8*$!
{
	archiveVersion = 1;
	classes = {
	};
	objectVersion = 46;
	objects = {

/* Begin PBXBuildFile section */
		8B4FE74F1E79A20A00B8E3A0 /* AppDelegate.swift in Sources */ = {isa = PBXBuildFile; fileRef = 8B4FE74E1E79A20A00B8E3A0 /* AppDelegate.swift */; };
		8B4FE7511E79A20A00B8E3A0 /* ViewController.swift in Sources */ = {isa = PBXBuildFile; fileRef = 8B4FE7501E79A20A00B8E3A0 /* ViewController.swift */; };
		8B4FE7541E79A20A00B8E3A0 /* Main.storyboard in Resources */ = {isa = PBXBuildFile; fileRef = 8B4FE7521E79A20A00B8E3A0 /* Main.storyboard */; };
		8B4FE7561E79A20A00B8E3A0 /* Assets.xcassets in Resources */ = {isa = PBXBuildFile; fileRef = 8B4FE7551E79A20A00B8E3A0 /* Assets.xcassets */; };
		8B4FE7591E79A20A00B8E3A0 /* LaunchScreen.storyboard in Resources */ = {isa = PBXBuildFile; fileRef = 8B4FE7571E79A20A00B8E3A0 /* LaunchScreen.storyboard */; };
		8B4FE7611E79A2C300B8E3A0 /* WeatehrCondition.swift in Sources */ = {isa = PBXBuildFile; fileRef = 8B4FE7601E79A2C300B8E3A0 /* WeatehrCondition.swift */; };
		8B4FE7641E79A36200B8E3A0 /* WeatherStatus.swift in Sources */ = {isa = PBXBuildFile; fileRef = 8B4FE7631E79A36200B8E3A0 /* WeatherStatus.swift */; };
		8B4FE7661E79A3F700B8E3A0 /* WeatherService.swift in Sources */ = {isa = PBXBuildFile; fileRef = 8B4FE7651E79A3F700B8E3A0 /* WeatherService.swift */; };
		8B4FE7681E79A75C00B8E3A0 /* WeatherDelegate.swift in Sources */ = {isa = PBXBuildFile; fileRef = 8B4FE7671E79A75C00B8E3A0 /* WeatherDelegate.swift */; };
/* End PBXBuildFile section */

/* Begin PBXFileReference section */
		8B4FE74B1E79A20A00B8E3A0 /* WeatherApp.app */ = {isa = PBXFileReference; explicitFileType = wrapper.application; includeInIndex = 0; path = WeatherApp.app; sourceTree = BUILT_PRODUCTS_DIR; };
		8B4FE74E1E79A20A00B8E3A0 /* AppDelegate.swift */ = {isa = PBXFileReference; lastKnownFileType = sourcecode.swift; path = AppDelegate.swift; sourceTree = "<group>"; };
		8B4FE7501E79A20A00B8E3A0 /* ViewController.swift */ = {isa = PBXFileReference; lastKnownFileType = sourcecode.swift; path = ViewController.swift; sourceTree = "<group>"; };
		8B4FE7531E79A20A00B8E3A0 /* Base */ = {isa = PBXFileReference; lastKnownFileType = file.storyboard; name = Base; path = Base.lproj/Main.storyboard; sourceTree = "<group>"; };
		8B4FE7551E79A20A00B8E3A0 /* Assets.xcassets */ = {isa = PBXFileReference; lastKnownFileType = folder.assetcatalog; path = Assets.xcassets; sourceTree = "<group>"; };
		8B4FE7581E79A20A00B8E3A0 /* Base */ = {isa = PBXFileReference; lastKnownFileType = file.storyboard; name = Base; path = Base.lproj/LaunchScreen.storyboard; sourceTree = "<group>"; };
		8B4FE75A1E79A20A00B8E3A0 /* Info.plist */ = {isa = PBXFileReference; lastKnownFileType = text.plist.xml; path = Info.plist; sourceTree = "<group>"; };
		8B4FE7601E79A2C300B8E3A0 /* WeatehrCondition.swift */ = {isa = PBXFileReference; fileEncoding = 4; lastKnownFileType = sourcecode.swift; path = WeatehrCondition.swift; sourceTree = "<group>"; };
		8B4FE7631E79A36200B8E3A0 /* WeatherStatus.swift */ = {isa = PBXFileReference; fileEncoding = 4; lastKnownFileType = sourcecode.swift; path = WeatherStatus.swift; sourceTree = "<group>"; };
		8B4FE7651E79A3F700B8E3A0 /* WeatherService.swift */ = {isa = PBXFileReference; fileEncoding = 4; lastKnownFileType = sourcecode.swift; path = WeatherService.swift; sourceTree = "<group>"; };
		8B4FE7671E79A75C00B8E3A0 /* WeatherDelegate.swift */ = {isa = PBXFileReference; fileEncoding = 4; lastKnownFileType = sourcecode.swift; path = WeatherDelegate.swift; sourceTree = "<group>"; };
/* End PBXFileReference section */

/* Begin PBXFrameworksBuildPhase section */
		8B4FE7481E79A20A00B8E3A0 /* Frameworks */ = {
			isa = PBXFrameworksBuildPhase;
			buildActionMask = 2147483647;
			files = (
			);
			runOnlyForDeploymentPostprocessing = 0;
		};
/* End PBXFrameworksBuildPhase section */

/* Begin PBXGroup section */
		8B4FE7421E79A20A00B8E3A0 = {
			isa = PBXGroup;
			children = (
				8B4FE74D1E79A20A00B8E3A0 /* WeatherApp */,
				8B4FE74C1E79A20A00B8E3A0 /* Products */,
			);
			sourceTree = "<group>";
		};
		8B4FE74C1E79A20A00B8E3A0 /* Products */ = {
			isa = PBXGroup;
			children = (
				8B4FE74B1E79A20A00B8E3A0 /* WeatherApp.app */,
			);
			name = Products;
			sourceTree = "<group>";
		};
		8B4FE74D1E79A20A00B8E3A0 /* WeatherApp */ = {
			isa = PBXGroup;
			children = (
				8B4FE74E1E79A20A00B8E3A0 /* AppDelegate.swift */,
				8B4FE7501E79A20A00B8E3A0 /* ViewController.swift */,
				8B4FE7621E79A35600B8E3A0 /* Model */,
				8B4FE7521E79A20A00B8E3A0 /* Main.storyboard */,
				8B4FE7551E79A20A00B8E3A0 /* Assets.xcassets */,
				8B4FE7571E79A20A00B8E3A0 /* LaunchScreen.storyboard */,
				8B4FE75A1E79A20A00B8E3A0 /* Info.plist */,
			);
			path = WeatherApp;
			sourceTree = "<group>";
		};
		8B4FE7621E79A35600B8E3A0 /* Model */ = {
			isa = PBXGroup;
			children = (
				8B4FE7601E79A2C300B8E3A0 /* WeatehrCondition.swift */,
				8B4FE7631E79A36200B8E3A0 /* WeatherStatus.swift */,
				8B4FE7651E79A3F700B8E3A0 /* WeatherService.swift */,
				8B4FE7671E79A75C00B8E3A0 /* WeatherDelegate.swift */,
			);
			name = Model;
			sourceTree = "<group>";
		};
/* End PBXGroup section */

/* Begin PBXNativeTarget section */
		8B4FE74A1E79A20A00B8E3A0 /* WeatherApp */ = {
			isa = PBXNativeTarget;
			buildConfigurationList = 8B4FE75D1E79A20A00B8E3A0 /* Build configuration list for PBXNativeTarget "WeatherApp" */;
			buildPhases = (
				8B4FE7471E79A20A00B8E3A0 /* Sources */,
				8B4FE7481E79A20A00B8E3A0 /* Frameworks */,
				8B4FE7491E79A20A00B8E3A0 /* Resources */,
			);
			buildRules = (
			);
			dependencies = (
			);
			name = WeatherApp;
			productName = WeatherApp;
			productReference = 8B4FE74B1E79A20A00B8E3A0 /* WeatherApp.app */;
			productType = "com.apple.product-type.application";
		};
/* End PBXNativeTarget section */

/* Begin PBXProject section */
		8B4FE7431E79A20A00B8E3A0 /* Project object */ = {
			isa = PBXProject;
			attributes = {
				LastSwiftUpdateCheck = 0820;
				LastUpgradeCheck = 0820;
				ORGANIZATIONNAME = Richard;
				TargetAttributes = {
					8B4FE74A1E79A20A00B8E3A0 = {
						CreatedOnToolsVersion = 8.2.1;
						DevelopmentTeam = 865G532M4D;
						ProvisioningStyle = Automatic;
					};
				};
			};
			buildConfigurationList = 8B4FE7461E79A20A00B8E3A0 /* Build configuration list for PBXProject "WeatherApp" */;
			compatibilityVersion = "Xcode 3.2";
			developmentRegion = English;
			hasScannedForEncodings = 0;
			knownRegions = (
				en,
				Base,
			);
			mainGroup = 8B4FE7421E79A20A00B8E3A0;
			productRefGroup = 8B4FE74C1E79A20A00B8E3A0 /* Products */;
			projectDirPath = "";
			projectRoot = "";
			targets = (
				8B4FE74A1E79A20A00B8E3A0 /* WeatherApp */,
			);
		};
/* End PBXProject section */

/* Begin PBXResourcesBuildPhase section */
		8B4FE7491E79A20A00B8E3A0 /* Resources */ = {
			isa = PBXResourcesBuildPhase;
			buildActionMask = 2147483647;
			files = (
				8B4FE7591E79A20A00B8E3A0 /* LaunchScreen.storyboard in Resources */,
				8B4FE7561E79A20A00B8E3A0 /* Assets.xcassets in Resources */,
				8B4FE7541E79A20A00B8E3A0 /* Main.storyboard in Resources */,
			);
			runOnlyForDeploymentPostprocessing = 0;
		};
/* End PBXResourcesBuildPhase section */

/* Begin PBXSourcesBuildPhase section */
		8B4FE7471E79A20A00B8E3A0 /* Sources */ = {
			isa = PBXSourcesBuildPhase;
			buildActionMask = 2147483647;
			files = (
				8B4FE7661E79A3F700B8E3A0 /* WeatherService.swift in Sources */,
				8B4FE7641E79A36200B8E3A0 /* WeatherStatus.swift in Sources */,
				8B4FE7511E79A20A00B8E3A0 /* ViewController.swift in Sources */,
				8B4FE74F1E79A20A00B8E3A0 /* AppDelegate.swift in Sources */,
				8B4FE7611E79A2C300B8E3A0 /* WeatehrCondition.swift in Sources */,
				8B4FE7681E79A75C00B8E3A0 /* WeatherDelegate.swift in Sources */,
			);
			runOnlyForDeploymentPostprocessing = 0;
		};
/* End PBXSourcesBuildPhase section */

/* Begin PBXVariantGroup section */
		8B4FE7521E79A20A00B8E3A0 /* Main.storyboard */ = {
			isa = PBXVariantGroup;
			children = (
				8B4FE7531E79A20A00B8E3A0 /* Base */,
			);
			name = Main.storyboard;
			sourceTree = "<group>";
		};
		8B4FE7571E79A20A00B8E3A0 /* LaunchScreen.storyboard */ = {
			isa = PBXVariantGroup;
			children = (
				8B4FE7581E79A20A00B8E3A0 /* Base */,
			);
			name = LaunchScreen.storyboard;
			sourceTree = "<group>";
		};
/* End PBXVariantGroup section */

/* Begin XCBuildConfiguration section */
		8B4FE75B1E79A20A00B8E3A0 /* Debug */ = {
			isa = XCBuildConfiguration;
			buildSettings = {
				ALWAYS_SEARCH_USER_PATHS = NO;
				CLANG_ANALYZER_NONNULL = YES;
				CLANG_CXX_LANGUAGE_STANDARD = "gnu++0x";
				CLANG_CXX_LIBRARY = "libc++";
				CLANG_ENABLE_MODULES = YES;
				CLANG_ENABLE_OBJC_ARC = YES;
				CLANG_WARN_BOOL_CONVERSION = YES;
				CLANG_WARN_CONSTANT_CONVERSION = YES;
				CLANG_WARN_DIRECT_OBJC_ISA_USAGE = YES_ERROR;
				CLANG_WARN_DOCUMENTATION_COMMENTS = YES;
				CLANG_WARN_EMPTY_BODY = YES;
				CLANG_WARN_ENUM_CONVERSION = YES;
				CLANG_WARN_INFINITE_RECURSION = YES;
				CLANG_WARN_INT_CONVERSION = YES;
				CLANG_WARN_OBJC_ROOT_CLASS = YES_ERROR;
				CLANG_WARN_SUSPICIOUS_MOVE = YES;
				CLANG_WARN_UNREACHABLE_CODE = YES;
				CLANG_WARN__DUPLICATE_METHOD_MATCH = YES;
				"CODE_SIGN_IDENTITY[sdk=iphoneos*]" = "iPhone Developer";
				COPY_PHASE_STRIP = NO;
				DEBUG_INFORMATION_FORMAT = dwarf;
				ENABLE_STRICT_OBJC_MSGSEND = YES;
				ENABLE_TESTABILITY = YES;
				GCC_C_LANGUAGE_STANDARD = gnu99;
				GCC_DYNAMIC_NO_PIC = NO;
				GCC_NO_COMMON_BLOCKS = YES;
				GCC_OPTIMIZATION_LEVEL = 0;
				GCC_PREPROCESSOR_DEFINITIONS = (
					"DEBUG=1",
					"$(inherited)",
				);
				GCC_WARN_64_TO_32_BIT_CONVERSION = YES;
				GCC_WARN_ABOUT_RETURN_TYPE = YES_ERROR;
				GCC_WARN_UNDECLARED_SELECTOR = YES;
				GCC_WARN_UNINITIALIZED_AUTOS = YES_AGGRESSIVE;
				GCC_WARN_UNUSED_FUNCTION = YES;
				GCC_WARN_UNUSED_VARIABLE = YES;
				IPHONEOS_DEPLOYMENT_TARGET = 10.2;
				MTL_ENABLE_DEBUG_INFO = YES;
				ONLY_ACTIVE_ARCH = YES;
				SDKROOT = iphoneos;
				SWIFT_ACTIVE_COMPILATION_CONDITIONS = DEBUG;
				SWIFT_OPTIMIZATION_LEVEL = "-Onone";
				TARGETED_DEVICE_FAMILY = "1,2";
			};
			name = Debug;
		};
		8B4FE75C1E79A20A00B8E3A0 /* Release */ = {
			isa = XCBuildConfiguration;
			buildSettings = {
				ALWAYS_SEARCH_USER_PATHS = NO;
				CLANG_ANALYZER_NONNULL = YES;
				CLANG_CXX_LANGUAGE_STANDARD = "gnu++0x";
				CLANG_CXX_LIBRARY = "libc++";
				CLANG_ENABLE_MODULES = YES;
				CLANG_ENABLE_OBJC_ARC = YES;
				CLANG_WARN_BOOL_CONVERSION = YES;
				CLANG_WARN_CONSTANT_CONVERSION = YES;
				CLANG_WARN_DIRECT_OBJC_ISA_USAGE = YES_ERROR;
				CLANG_WARN_DOCUMENTATION_COMMENTS = YES;
				CLANG_WARN_EMPTY_BODY = YES;
				CLANG_WARN_ENUM_CONVERSION = YES;
				CLANG_WARN_INFINITE_RECURSION = YES;
				CLANG_WARN_INT_CONVERSION = YES;
				CLANG_WARN_OBJC_ROOT_CLASS = YES_ERROR;
				CLANG_WARN_SUSPICIOUS_MOVE = YES;
				CLANG_WARN_UNREACHABLE_CODE = YES;
				CLANG_WARN__DUPLICATE_METHOD_MATCH = YES;
				"CODE_SIGN_IDENTITY[sdk=iphoneos*]" = "iPhone Developer";
				COPY_PHASE_STRIP = NO;
				DEBUG_INFORMATION_FORMAT = "dwarf-with-dsym";
				ENABLE_NS_ASSERTIONS = NO;
				ENABLE_STRICT_OBJC_MSGSEND = YES;
				GCC_C_LANGUAGE_STANDARD = gnu99;
				GCC_NO_COMMON_BLOCKS = YES;
				GCC_WARN_64_TO_32_BIT_CONVERSION = YES;
				GCC_WARN_ABOUT_RETURN_TYPE = YES_ERROR;
				GCC_WARN_UNDECLARED_SELECTOR = YES;
				GCC_WARN_UNINITIALIZED_AUTOS = YES_AGGRESSIVE;
				GCC_WARN_UNUSED_FUNCTION = YES;
				GCC_WARN_UNUSED_VARIABLE = YES;
				IPHONEOS_DEPLOYMENT_TARGET = 10.2;
				MTL_ENABLE_DEBUG_INFO = NO;
				SDKROOT = iphoneos;
				SWIFT_OPTIMIZATION_LEVEL = "-Owholemodule";
				TARGETED_DEVICE_FAMILY = "1,2";
				VALIDATE_PRODUCT = YES;
			};
			name = Release;
		};
		8B4FE75E1E79A20A00B8E3A0 /* Debug */ = {
			isa = XCBuildConfiguration;
			buildSettings = {
				ASSETCATALOG_COMPILER_APPICON_NAME = AppIcon;
				DEVELOPMENT_TEAM = 865G532M4D;
				INFOPLIST_FILE = WeatherApp/Info.plist;
				LD_RUNPATH_SEARCH_PATHS = "$(inherited) @executable_path/Frameworks";
				PRODUCT_BUNDLE_IDENTIFIER = com.richardash.WeatherApp;
				PRODUCT_NAME = "$(TARGET_NAME)";
				SWIFT_VERSION = 3.0;
			};
			name = Debug;
		};
		8B4FE75F1E79A20A00B8E3A0 /* Release */ = {
			isa = XCBuildConfiguration;
			buildSettings = {
				ASSETCATALOG_COMPILER_APPICON_NAME = AppIcon;
				DEVELOPMENT_TEAM = 865G532M4D;
				INFOPLIST_FILE = WeatherApp/Info.plist;
				LD_RUNPATH_SEARCH_PATHS = "$(inherited) @executable_path/Frameworks";
				PRODUCT_BUNDLE_IDENTIFIER = com.richardash.WeatherApp;
				PRODUCT_NAME = "$(TARGET_NAME)";
				SWIFT_VERSION = 3.0;
			};
			name = Release;
		};
/* End XCBuildConfiguration section */

/* Begin XCConfigurationList section */
		8B4FE7461E79A20A00B8E3A0 /* Build configuration list for PBXProject "WeatherApp" */ = {
			isa = XCConfigurationList;
			buildConfigurations = (
				8B4FE75B1E79A20A00B8E3A0 /* Debug */,
				8B4FE75C1E79A20A00B8E3A0 /* Release */,
			);
			defaultConfigurationIsVisible = 0;
			defaultConfigurationName = Release;
		};
		8B4FE75D1E79A20A00B8E3A0 /* Build configuration list for PBXNativeTarget "WeatherApp" */ = {
			isa = XCConfigurationList;
			buildConfigurations = (
				8B4FE75E1E79A20A00B8E3A0 /* Debug */,
				8B4FE75F1E79A20A00B8E3A0 /* Release */,
			);
			defaultConfigurationIsVisible = 0;
		};
/* End XCConfigurationList section */
	};
	rootObject = 8B4FE7431E79A20A00B8E3A0 /* Project object */;
}
